
Microsoft Visual Studio Solution File, Format Version 12.00
# Visual Studio Version 17
VisualStudioVersion = 17.7.34024.191
MinimumVisualStudioVersion = 10.0.40219.1
Project("{2150E333-8FDC-42A3-9474-1A3956D46DE8}") = "Task0", "Task0", "{CF06483D-DCC0-461D-8A67-54969816B70F}"
EndProject
Project("{FAE04EC0-301F-11D3-BF4B-00C04F79EFBC}") = "Tyuiu.KosovAS.Sprint4.Task0.V17", "Tyuiu.KosovAS.Sprint4.Task0.V17\Tyuiu.KosovAS.Sprint4.Task0.V17.csproj", "{A8E78D97-7449-4B75-8A61-2C95D5DED98B}"
EndProject
Project("{FAE04EC0-301F-11D3-BF4B-00C04F79EFBC}") = "Tyuiu.KosovAS.Sprint4.Task0.V17.Lib", "Tyuiu.KosovAS.Sprint4.Task0.V17.Lib\Tyuiu.KosovAS.Sprint4.Task0.V17.Lib.csproj", "{C922F384-254A-415F-B2B9-A33961C35DFE}"
EndProject
Project("{FAE04EC0-301F-11D3-BF4B-00C04F79EFBC}") = "Tyuiu.KosovAS.Sprint4.Task0.V17.Test", "Tyuiu.KosovAS.Sprint4.Task0.V17.Test\Tyuiu.KosovAS.Sprint4.Task0.V17.Test.csproj", "{1BEC51C2-464E-49E5-A91C-3FEAFC31EB5C}"
EndProject
Global
	GlobalSection(SolutionConfigurationPlatforms) = preSolution
		Debug|Any CPU = Debug|Any CPU
		Release|Any CPU = Release|Any CPU
	EndGlobalSection
	GlobalSection(ProjectConfigurationPlatforms) = postSolution
		{A8E78D97-7449-4B75-8A61-2C95D5DED98B}.Debug|Any CPU.ActiveCfg = Debug|Any CPU
		{A8E78D97-7449-4B75-8A61-2C95D5DED98B}.Debug|Any CPU.Build.0 = Debug|Any CPU
		{A8E78D97-7449-4B75-8A61-2C95D5DED98B}.Release|Any CPU.ActiveCfg = Release|Any CPU
		{A8E78D97-7449-4B75-8A61-2C95D5DED98B}.Release|Any CPU.Build.0 = Release|Any CPU
		{C922F384-254A-415F-B2B9-A33961C35DFE}.Debug|Any CPU.ActiveCfg = Debug|Any CPU
		{C922F384-254A-415F-B2B9-A33961C35DFE}.Debug|Any CPU.Build.0 = Debug|Any CPU
		{C922F384-254A-415F-B2B9-A33961C35DFE}.Release|Any CPU.ActiveCfg = Release|Any CPU
		{C922F384-254A-415F-B2B9-A33961C35DFE}.Release|Any CPU.Build.0 = Release|Any CPU
		{1BEC51C2-464E-49E5-A91C-3FEAFC31EB5C}.Debug|Any CPU.ActiveCfg = Debug|Any CPU
		{1BEC51C2-464E-49E5-A91C-3FEAFC31EB5C}.Debug|Any CPU.Build.0 = Debug|Any CPU
		{1BEC51C2-464E-49E5-A91C-3FEAFC31EB5C}.Release|Any CPU.ActiveCfg = Release|Any CPU
		{1BEC51C2-464E-49E5-A91C-3FEAFC31EB5C}.Release|Any CPU.Build.0 = Release|Any CPU
	EndGlobalSection
	GlobalSection(SolutionProperties) = preSolution
		HideSolutionNode = FALSE
	EndGlobalSection
	GlobalSection(NestedProjects) = preSolution
		{A8E78D97-7449-4B75-8A61-2C95D5DED98B} = {CF06483D-DCC0-461D-8A67-54969816B70F}
		{C922F384-254A-415F-B2B9-A33961C35DFE} = {CF06483D-DCC0-461D-8A67-54969816B70F}
		{1BEC51C2-464E-49E5-A91C-3FEAFC31EB5C} = {CF06483D-DCC0-461D-8A67-54969816B70F}
	EndGlobalSection
	GlobalSection(ExtensibilityGlobals) = postSolution
		SolutionGuid = {2FC9DE67-2168-4873-B8BB-F6B9FDD235C7}
	EndGlobalSection
EndGlobal
