
Microsoft Visual Studio Solution File, Format Version 12.00
# Visual Studio Version 17
VisualStudioVersion = 17.7.34024.191
MinimumVisualStudioVersion = 10.0.40219.1
Project("{2150E333-8FDC-42A3-9474-1A3956D46DE8}") = "Task0", "Task0", "{CF06483D-DCC0-461D-8A67-54969816B70F}"
EndProject
Project("{FAE04EC0-301F-11D3-BF4B-00C04F79EFBC}") = "Tyuiu.KosovAS.Sprint4.Task0.V17", "Tyuiu.KosovAS.Sprint4.Task0.V17\Tyuiu.KosovAS.Sprint4.Task0.V17.csproj", "{A8E78D97-7449-4B75-8A61-2C95D5DED98B}"
EndProject
Project("{FAE04EC0-301F-11D3-BF4B-00C04F79EFBC}") = "Tyuiu.KosovAS.Sprint4.Task0.V17.Lib", "Tyuiu.KosovAS.Sprint4.Task0.V17.Lib\Tyuiu.KosovAS.Sprint4.Task0.V17.Lib.csproj", "{C922F384-254A-415F-B2B9-A33961C35DFE}"
EndProject
Project("{FAE04EC0-301F-11D3-BF4B-00C04F79EFBC}") = "Tyuiu.KosovAS.Sprint4.Task0.V17.Test", "Tyuiu.KosovAS.Sprint4.Task0.V17.Test\Tyuiu.KosovAS.Sprint4.Task0.V17.Test.csproj", "{1BEC51C2-464E-49E5-A91C-3FEAFC31EB5C}"
EndProject
Project("{2150E333-8FDC-42A3-9474-1A3956D46DE8}") = "Task1", "Task1", "{C86B0BFB-72C7-4681-83BE-56FF1F291C28}"
EndProject
Project("{FAE04EC0-301F-11D3-BF4B-00C04F79EFBC}") = "Tyuiu.KosovAS.Sprint4.Task1.V7", "Tyuiu.KosovAS.Sprint4.Task1.V7\Tyuiu.KosovAS.Sprint4.Task1.V7.csproj", "{2E883968-F91B-49C0-A1C6-D52D23F1D481}"
EndProject
Project("{FAE04EC0-301F-11D3-BF4B-00C04F79EFBC}") = "Tyuiu.KosovAS.Sprint4.Task1.V7.Lib", "Tyuiu.KosovAS.Sprint4.Task1.V7.Lib\Tyuiu.KosovAS.Sprint4.Task1.V7.Lib.csproj", "{9FBBECB4-0CBF-4062-A66C-3B05FDEFE11D}"
EndProject
Project("{FAE04EC0-301F-11D3-BF4B-00C04F79EFBC}") = "Tyuiu.KosovAS.Sprint4.Task1.V7.Test", "Tyuiu.KosovAS.Sprint4.Task1.V7.Test\Tyuiu.KosovAS.Sprint4.Task1.V7.Test.csproj", "{354D5492-77A9-4472-9148-2E995F256C5E}"
EndProject
Project("{2150E333-8FDC-42A3-9474-1A3956D46DE8}") = "Task2", "Task2", "{EB69C1C2-26C9-4E65-BC7E-AB814E6D1EDA}"
EndProject
Project("{FAE04EC0-301F-11D3-BF4B-00C04F79EFBC}") = "Tyuiu.KosovAS.Sprint4.Task2.V14", "Tyuiu.KosovAS.Sprint4.Task2.V14\Tyuiu.KosovAS.Sprint4.Task2.V14.csproj", "{F879D686-BC0D-4768-8750-44F3E063843C}"
EndProject
Project("{FAE04EC0-301F-11D3-BF4B-00C04F79EFBC}") = "Tyuiu.KosovAS.Sprint4.Task2.V14.Lib", "Tyuiu.KosovAS.Sprint4.Task2.V14.Lib\Tyuiu.KosovAS.Sprint4.Task2.V14.Lib.csproj", "{CA51D098-7A5A-4318-829C-C3A1B5059883}"
EndProject
Project("{FAE04EC0-301F-11D3-BF4B-00C04F79EFBC}") = "Tyuiu.KosovAS.Sprint4.Task2.V14.Test", "Tyuiu.KosovAS.Sprint4.Task2.V14.Test\Tyuiu.KosovAS.Sprint4.Task2.V14.Test.csproj", "{5783CC36-5E47-4696-8A05-DEB9374704FC}"
EndProject
Global
	GlobalSection(SolutionConfigurationPlatforms) = preSolution
		Debug|Any CPU = Debug|Any CPU
		Release|Any CPU = Release|Any CPU
	EndGlobalSection
	GlobalSection(ProjectConfigurationPlatforms) = postSolution
		{A8E78D97-7449-4B75-8A61-2C95D5DED98B}.Debug|Any CPU.ActiveCfg = Debug|Any CPU
		{A8E78D97-7449-4B75-8A61-2C95D5DED98B}.Debug|Any CPU.Build.0 = Debug|Any CPU
		{A8E78D97-7449-4B75-8A61-2C95D5DED98B}.Release|Any CPU.ActiveCfg = Release|Any CPU
		{A8E78D97-7449-4B75-8A61-2C95D5DED98B}.Release|Any CPU.Build.0 = Release|Any CPU
		{C922F384-254A-415F-B2B9-A33961C35DFE}.Debug|Any CPU.ActiveCfg = Debug|Any CPU
		{C922F384-254A-415F-B2B9-A33961C35DFE}.Debug|Any CPU.Build.0 = Debug|Any CPU
		{C922F384-254A-415F-B2B9-A33961C35DFE}.Release|Any CPU.ActiveCfg = Release|Any CPU
		{C922F384-254A-415F-B2B9-A33961C35DFE}.Release|Any CPU.Build.0 = Release|Any CPU
		{1BEC51C2-464E-49E5-A91C-3FEAFC31EB5C}.Debug|Any CPU.ActiveCfg = Debug|Any CPU
		{1BEC51C2-464E-49E5-A91C-3FEAFC31EB5C}.Debug|Any CPU.Build.0 = Debug|Any CPU
		{1BEC51C2-464E-49E5-A91C-3FEAFC31EB5C}.Release|Any CPU.ActiveCfg = Release|Any CPU
		{1BEC51C2-464E-49E5-A91C-3FEAFC31EB5C}.Release|Any CPU.Build.0 = Release|Any CPU
		{2E883968-F91B-49C0-A1C6-D52D23F1D481}.Debug|Any CPU.ActiveCfg = Debug|Any CPU
		{2E883968-F91B-49C0-A1C6-D52D23F1D481}.Debug|Any CPU.Build.0 = Debug|Any CPU
		{2E883968-F91B-49C0-A1C6-D52D23F1D481}.Release|Any CPU.ActiveCfg = Release|Any CPU
		{2E883968-F91B-49C0-A1C6-D52D23F1D481}.Release|Any CPU.Build.0 = Release|Any CPU
		{9FBBECB4-0CBF-4062-A66C-3B05FDEFE11D}.Debug|Any CPU.ActiveCfg = Debug|Any CPU
		{9FBBECB4-0CBF-4062-A66C-3B05FDEFE11D}.Debug|Any CPU.Build.0 = Debug|Any CPU
		{9FBBECB4-0CBF-4062-A66C-3B05FDEFE11D}.Release|Any CPU.ActiveCfg = Release|Any CPU
		{9FBBECB4-0CBF-4062-A66C-3B05FDEFE11D}.Release|Any CPU.Build.0 = Release|Any CPU
		{354D5492-77A9-4472-9148-2E995F256C5E}.Debug|Any CPU.ActiveCfg = Debug|Any CPU
		{354D5492-77A9-4472-9148-2E995F256C5E}.Debug|Any CPU.Build.0 = Debug|Any CPU
		{354D5492-77A9-4472-9148-2E995F256C5E}.Release|Any CPU.ActiveCfg = Release|Any CPU
		{354D5492-77A9-4472-9148-2E995F256C5E}.Release|Any CPU.Build.0 = Release|Any CPU
		{F879D686-BC0D-4768-8750-44F3E063843C}.Debug|Any CPU.ActiveCfg = Debug|Any CPU
		{F879D686-BC0D-4768-8750-44F3E063843C}.Debug|Any CPU.Build.0 = Debug|Any CPU
		{F879D686-BC0D-4768-8750-44F3E063843C}.Release|Any CPU.ActiveCfg = Release|Any CPU
		{F879D686-BC0D-4768-8750-44F3E063843C}.Release|Any CPU.Build.0 = Release|Any CPU
		{CA51D098-7A5A-4318-829C-C3A1B5059883}.Debug|Any CPU.ActiveCfg = Debug|Any CPU
		{CA51D098-7A5A-4318-829C-C3A1B5059883}.Debug|Any CPU.Build.0 = Debug|Any CPU
		{CA51D098-7A5A-4318-829C-C3A1B5059883}.Release|Any CPU.ActiveCfg = Release|Any CPU
		{CA51D098-7A5A-4318-829C-C3A1B5059883}.Release|Any CPU.Build.0 = Release|Any CPU
		{5783CC36-5E47-4696-8A05-DEB9374704FC}.Debug|Any CPU.ActiveCfg = Debug|Any CPU
		{5783CC36-5E47-4696-8A05-DEB9374704FC}.Debug|Any CPU.Build.0 = Debug|Any CPU
		{5783CC36-5E47-4696-8A05-DEB9374704FC}.Release|Any CPU.ActiveCfg = Release|Any CPU
		{5783CC36-5E47-4696-8A05-DEB9374704FC}.Release|Any CPU.Build.0 = Release|Any CPU
	EndGlobalSection
	GlobalSection(SolutionProperties) = preSolution
		HideSolutionNode = FALSE
	EndGlobalSection
	GlobalSection(NestedProjects) = preSolution
		{A8E78D97-7449-4B75-8A61-2C95D5DED98B} = {CF06483D-DCC0-461D-8A67-54969816B70F}
		{C922F384-254A-415F-B2B9-A33961C35DFE} = {CF06483D-DCC0-461D-8A67-54969816B70F}
		{1BEC51C2-464E-49E5-A91C-3FEAFC31EB5C} = {CF06483D-DCC0-461D-8A67-54969816B70F}
		{2E883968-F91B-49C0-A1C6-D52D23F1D481} = {C86B0BFB-72C7-4681-83BE-56FF1F291C28}
		{9FBBECB4-0CBF-4062-A66C-3B05FDEFE11D} = {C86B0BFB-72C7-4681-83BE-56FF1F291C28}
		{354D5492-77A9-4472-9148-2E995F256C5E} = {C86B0BFB-72C7-4681-83BE-56FF1F291C28}
		{F879D686-BC0D-4768-8750-44F3E063843C} = {EB69C1C2-26C9-4E65-BC7E-AB814E6D1EDA}
		{CA51D098-7A5A-4318-829C-C3A1B5059883} = {EB69C1C2-26C9-4E65-BC7E-AB814E6D1EDA}
		{5783CC36-5E47-4696-8A05-DEB9374704FC} = {EB69C1C2-26C9-4E65-BC7E-AB814E6D1EDA}
	EndGlobalSection
	GlobalSection(ExtensibilityGlobals) = postSolution
		SolutionGuid = {2FC9DE67-2168-4873-B8BB-F6B9FDD235C7}
	EndGlobalSection
EndGlobal
